
Microsoft Visual Studio Solution File, Format Version 12.00
# Visual Studio 14
VisualStudioVersion = 14.0.25123.0
MinimumVisualStudioVersion = 10.0.40219.1
Project("{772E33F6-BD7A-4411-823A-E0AA15CFCBEA}") = "Sitecore.Support.162762", "Sitecore.Support.162762\Sitecore.Support.162762.csproj", "{DA0C0F2B-A81A-43C8-A390-3BDB41EF2452}"
EndProject
Global
	GlobalSection(SolutionConfigurationPlatforms) = preSolution
		Debug|Any CPU = Debug|Any CPU
		Release|Any CPU = Release|Any CPU
	EndGlobalSection
	GlobalSection(ProjectConfigurationPlatforms) = postSolution
		{DA0C0F2B-A81A-43C8-A390-3BDB41EF2452}.Debug|Any CPU.ActiveCfg = Debug|Any CPU
		{DA0C0F2B-A81A-43C8-A390-3BDB41EF2452}.Debug|Any CPU.Build.0 = Debug|Any CPU
		{DA0C0F2B-A81A-43C8-A390-3BDB41EF2452}.Release|Any CPU.ActiveCfg = Release|Any CPU
		{DA0C0F2B-A81A-43C8-A390-3BDB41EF2452}.Release|Any CPU.Build.0 = Release|Any CPU
	EndGlobalSection
	GlobalSection(SolutionProperties) = preSolution
		HideSolutionNode = FALSE
	EndGlobalSection
EndGlobal
